
Microsoft Visual Studio Solution File, Format Version 11.00
# Visual Studio 2010
Project("{2150E333-8FDC-42A3-9474-1A3956D46DE8}") = "Solution Items", "Solution Items", "{5324A9B0-8BEC-44E5-AB34-B3616385E6E0}"
	ProjectSection(FolderStartupServices) = postProject
		{967B4E0D-AD0C-4609-AB67-0FA40C0206D8} = {967B4E0D-AD0C-4609-AB67-0FA40C0206D8}
	EndProjectSection
EndProject
Project("{FAE04EC0-301F-11D3-BF4B-00C04F79EFBC}") = "Cd.Model.Yw", "Cd.Model.Base\Cd.Model.Yw.csproj", "{BD426304-765A-4DB5-A546-06DE126496A0}"
EndProject
Project("{FAE04EC0-301F-11D3-BF4B-00C04F79EFBC}") = "Cd.Run", "Cd.Run\Cd.Run.csproj", "{8C57B809-FF3E-40A6-8506-999FBACC5FED}"
EndProject
Project("{FAE04EC0-301F-11D3-BF4B-00C04F79EFBC}") = "Cd.Forms.Resource", "Cd.Forms.Resource\Cd.Forms.Resource.csproj", "{FC850DFA-CFEC-4756-A852-B3AC9CDAC88E}"
EndProject
Project("{FAE04EC0-301F-11D3-BF4B-00C04F79EFBC}") = "Cd.Service", "Cd.Service\Cd.Service.csproj", "{4ED9DBFB-1C12-43F3-B8C1-6D8B3EFFF50C}"
EndProject
Project("{FAE04EC0-301F-11D3-BF4B-00C04F79EFBC}") = "Cd.Report", "Cd.Report\Cd.Report.csproj", "{980A8514-863A-4323-984B-D47207109586}"
EndProject
Global
	GlobalSection(SolutionConfigurationPlatforms) = preSolution
		Debug|Any CPU = Debug|Any CPU
		Release|Any CPU = Release|Any CPU
	EndGlobalSection
	GlobalSection(ProjectConfigurationPlatforms) = postSolution
		{BD426304-765A-4DB5-A546-06DE126496A0}.Debug|Any CPU.ActiveCfg = Debug|Any CPU
		{BD426304-765A-4DB5-A546-06DE126496A0}.Debug|Any CPU.Build.0 = Debug|Any CPU
		{BD426304-765A-4DB5-A546-06DE126496A0}.Release|Any CPU.ActiveCfg = Release|Any CPU
		{BD426304-765A-4DB5-A546-06DE126496A0}.Release|Any CPU.Build.0 = Release|Any CPU
		{8C57B809-FF3E-40A6-8506-999FBACC5FED}.Debug|Any CPU.ActiveCfg = Debug|Any CPU
		{8C57B809-FF3E-40A6-8506-999FBACC5FED}.Debug|Any CPU.Build.0 = Debug|Any CPU
		{8C57B809-FF3E-40A6-8506-999FBACC5FED}.Release|Any CPU.ActiveCfg = Release|Any CPU
		{8C57B809-FF3E-40A6-8506-999FBACC5FED}.Release|Any CPU.Build.0 = Release|Any CPU
		{FC850DFA-CFEC-4756-A852-B3AC9CDAC88E}.Debug|Any CPU.ActiveCfg = Debug|Any CPU
		{FC850DFA-CFEC-4756-A852-B3AC9CDAC88E}.Debug|Any CPU.Build.0 = Debug|Any CPU
		{FC850DFA-CFEC-4756-A852-B3AC9CDAC88E}.Release|Any CPU.ActiveCfg = Release|Any CPU
		{FC850DFA-CFEC-4756-A852-B3AC9CDAC88E}.Release|Any CPU.Build.0 = Release|Any CPU
		{4ED9DBFB-1C12-43F3-B8C1-6D8B3EFFF50C}.Debug|Any CPU.ActiveCfg = Debug|Any CPU
		{4ED9DBFB-1C12-43F3-B8C1-6D8B3EFFF50C}.Debug|Any CPU.Build.0 = Debug|Any CPU
		{4ED9DBFB-1C12-43F3-B8C1-6D8B3EFFF50C}.Release|Any CPU.ActiveCfg = Release|Any CPU
		{4ED9DBFB-1C12-43F3-B8C1-6D8B3EFFF50C}.Release|Any CPU.Build.0 = Release|Any CPU
		{980A8514-863A-4323-984B-D47207109586}.Debug|Any CPU.ActiveCfg = Debug|Any CPU
		{980A8514-863A-4323-984B-D47207109586}.Debug|Any CPU.Build.0 = Debug|Any CPU
		{980A8514-863A-4323-984B-D47207109586}.Release|Any CPU.ActiveCfg = Release|Any CPU
		{980A8514-863A-4323-984B-D47207109586}.Release|Any CPU.Build.0 = Release|Any CPU
	EndGlobalSection
	GlobalSection(SolutionProperties) = preSolution
		HideSolutionNode = FALSE
	EndGlobalSection
EndGlobal
